// !$*UTF8*$!
{
	archiveVersion = 1;
	classes = {
	};
	objectVersion = 46;
	objects = {

/* Begin PBXBuildFile section */
		95441F261F25617E002AFA01 /* AppDelegate.swift in Sources */ = {isa = PBXBuildFile; fileRef = 95441F251F25617E002AFA01 /* AppDelegate.swift */; };
		95441F281F25617E002AFA01 /* ViewController.swift in Sources */ = {isa = PBXBuildFile; fileRef = 95441F271F25617E002AFA01 /* ViewController.swift */; };
		95441F2A1F25617E002AFA01 /* Assets.xcassets in Resources */ = {isa = PBXBuildFile; fileRef = 95441F291F25617E002AFA01 /* Assets.xcassets */; };
		95441F2D1F25617E002AFA01 /* Main.storyboard in Resources */ = {isa = PBXBuildFile; fileRef = 95441F2B1F25617E002AFA01 /* Main.storyboard */; };
		95441F351F256D54002AFA01 /* PhotoInfo.swift in Sources */ = {isa = PBXBuildFile; fileRef = 95441F341F256D54002AFA01 /* PhotoInfo.swift */; };
		95441F371F256F46002AFA01 /* URL+Helpers.swift in Sources */ = {isa = PBXBuildFile; fileRef = 95441F361F256F46002AFA01 /* URL+Helpers.swift */; };
		95441F391F28F7C8002AFA01 /* PhotoInfoViewController.swift in Sources */ = {isa = PBXBuildFile; fileRef = 95441F381F28F7C8002AFA01 /* PhotoInfoViewController.swift */; };
		95441F3B1F28F9BE002AFA01 /* EventMonitor.swift in Sources */ = {isa = PBXBuildFile; fileRef = 95441F3A1F28F9BE002AFA01 /* EventMonitor.swift */; };
		95441F3D1F293E40002AFA01 /* PhotoInfoController.swift in Sources */ = {isa = PBXBuildFile; fileRef = 95441F3C1F293E40002AFA01 /* PhotoInfoController.swift */; };
/* End PBXBuildFile section */

/* Begin PBXFileReference section */
		95441F221F25617E002AFA01 /* apod.app */ = {isa = PBXFileReference; explicitFileType = wrapper.application; includeInIndex = 0; path = apod.app; sourceTree = BUILT_PRODUCTS_DIR; };
		95441F251F25617E002AFA01 /* AppDelegate.swift */ = {isa = PBXFileReference; lastKnownFileType = sourcecode.swift; path = AppDelegate.swift; sourceTree = "<group>"; };
		95441F271F25617E002AFA01 /* ViewController.swift */ = {isa = PBXFileReference; lastKnownFileType = sourcecode.swift; path = ViewController.swift; sourceTree = "<group>"; };
		95441F291F25617E002AFA01 /* Assets.xcassets */ = {isa = PBXFileReference; lastKnownFileType = folder.assetcatalog; path = Assets.xcassets; sourceTree = "<group>"; };
		95441F2C1F25617E002AFA01 /* Base */ = {isa = PBXFileReference; lastKnownFileType = file.storyboard; name = Base; path = Base.lproj/Main.storyboard; sourceTree = "<group>"; };
		95441F2E1F25617E002AFA01 /* Info.plist */ = {isa = PBXFileReference; lastKnownFileType = text.plist.xml; path = Info.plist; sourceTree = "<group>"; };
		95441F341F256D54002AFA01 /* PhotoInfo.swift */ = {isa = PBXFileReference; fileEncoding = 4; lastKnownFileType = sourcecode.swift; path = PhotoInfo.swift; sourceTree = "<group>"; };
		95441F361F256F46002AFA01 /* URL+Helpers.swift */ = {isa = PBXFileReference; fileEncoding = 4; lastKnownFileType = sourcecode.swift; path = "URL+Helpers.swift"; sourceTree = "<group>"; };
		95441F381F28F7C8002AFA01 /* PhotoInfoViewController.swift */ = {isa = PBXFileReference; fileEncoding = 4; lastKnownFileType = sourcecode.swift; path = PhotoInfoViewController.swift; sourceTree = "<group>"; };
		95441F3A1F28F9BE002AFA01 /* EventMonitor.swift */ = {isa = PBXFileReference; fileEncoding = 4; lastKnownFileType = sourcecode.swift; path = EventMonitor.swift; sourceTree = "<group>"; };
		95441F3C1F293E40002AFA01 /* PhotoInfoController.swift */ = {isa = PBXFileReference; fileEncoding = 4; lastKnownFileType = sourcecode.swift; path = PhotoInfoController.swift; sourceTree = "<group>"; };
/* End PBXFileReference section */

/* Begin PBXFrameworksBuildPhase section */
		95441F1F1F25617E002AFA01 /* Frameworks */ = {
			isa = PBXFrameworksBuildPhase;
			buildActionMask = 2147483647;
			files = (
			);
			runOnlyForDeploymentPostprocessing = 0;
		};
/* End PBXFrameworksBuildPhase section */

/* Begin PBXGroup section */
		95441F191F25617E002AFA01 = {
			isa = PBXGroup;
			children = (
				95441F241F25617E002AFA01 /* apod */,
				95441F231F25617E002AFA01 /* Products */,
			);
			sourceTree = "<group>";
		};
		95441F231F25617E002AFA01 /* Products */ = {
			isa = PBXGroup;
			children = (
				95441F221F25617E002AFA01 /* apod.app */,
			);
			name = Products;
			sourceTree = "<group>";
		};
		95441F241F25617E002AFA01 /* apod */ = {
			isa = PBXGroup;
			children = (
				95441F251F25617E002AFA01 /* AppDelegate.swift */,
				95441F3A1F28F9BE002AFA01 /* EventMonitor.swift */,
				95441F341F256D54002AFA01 /* PhotoInfo.swift */,
				95441F361F256F46002AFA01 /* URL+Helpers.swift */,
				95441F271F25617E002AFA01 /* ViewController.swift */,
				95441F291F25617E002AFA01 /* Assets.xcassets */,
				95441F2B1F25617E002AFA01 /* Main.storyboard */,
				95441F381F28F7C8002AFA01 /* PhotoInfoViewController.swift */,
				95441F3C1F293E40002AFA01 /* PhotoInfoController.swift */,
				95441F2E1F25617E002AFA01 /* Info.plist */,
			);
			path = apod;
			sourceTree = "<group>";
		};
/* End PBXGroup section */

/* Begin PBXNativeTarget section */
		95441F211F25617E002AFA01 /* apod */ = {
			isa = PBXNativeTarget;
			buildConfigurationList = 95441F311F25617E002AFA01 /* Build configuration list for PBXNativeTarget "apod" */;
			buildPhases = (
				95441F1E1F25617E002AFA01 /* Sources */,
				95441F1F1F25617E002AFA01 /* Frameworks */,
				95441F201F25617E002AFA01 /* Resources */,
			);
			buildRules = (
			);
			dependencies = (
			);
			name = apod;
			productName = apod;
			productReference = 95441F221F25617E002AFA01 /* apod.app */;
			productType = "com.apple.product-type.application";
		};
/* End PBXNativeTarget section */

/* Begin PBXProject section */
		95441F1A1F25617E002AFA01 /* Project object */ = {
			isa = PBXProject;
			attributes = {
				LastSwiftUpdateCheck = 0830;
				LastUpgradeCheck = 0830;
				ORGANIZATIONNAME = "Reginald Maltais";
				TargetAttributes = {
					95441F211F25617E002AFA01 = {
						CreatedOnToolsVersion = 8.3.3;
						ProvisioningStyle = Automatic;
					};
				};
			};
			buildConfigurationList = 95441F1D1F25617E002AFA01 /* Build configuration list for PBXProject "apod" */;
			compatibilityVersion = "Xcode 3.2";
			developmentRegion = English;
			hasScannedForEncodings = 0;
			knownRegions = (
				en,
				Base,
			);
			mainGroup = 95441F191F25617E002AFA01;
			productRefGroup = 95441F231F25617E002AFA01 /* Products */;
			projectDirPath = "";
			projectRoot = "";
			targets = (
				95441F211F25617E002AFA01 /* apod */,
			);
		};
/* End PBXProject section */

/* Begin PBXResourcesBuildPhase section */
		95441F201F25617E002AFA01 /* Resources */ = {
			isa = PBXResourcesBuildPhase;
			buildActionMask = 2147483647;
			files = (
				95441F2A1F25617E002AFA01 /* Assets.xcassets in Resources */,
				95441F2D1F25617E002AFA01 /* Main.storyboard in Resources */,
			);
			runOnlyForDeploymentPostprocessing = 0;
		};
/* End PBXResourcesBuildPhase section */

/* Begin PBXSourcesBuildPhase section */
		95441F1E1F25617E002AFA01 /* Sources */ = {
			isa = PBXSourcesBuildPhase;
			buildActionMask = 2147483647;
			files = (
				95441F351F256D54002AFA01 /* PhotoInfo.swift in Sources */,
				95441F391F28F7C8002AFA01 /* PhotoInfoViewController.swift in Sources */,
				95441F371F256F46002AFA01 /* URL+Helpers.swift in Sources */,
				95441F3B1F28F9BE002AFA01 /* EventMonitor.swift in Sources */,
				95441F3D1F293E40002AFA01 /* PhotoInfoController.swift in Sources */,
				95441F281F25617E002AFA01 /* ViewController.swift in Sources */,
				95441F261F25617E002AFA01 /* AppDelegate.swift in Sources */,
			);
			runOnlyForDeploymentPostprocessing = 0;
		};
/* End PBXSourcesBuildPhase section */

/* Begin PBXVariantGroup section */
		95441F2B1F25617E002AFA01 /* Main.storyboard */ = {
			isa = PBXVariantGroup;
			children = (
				95441F2C1F25617E002AFA01 /* Base */,
			);
			name = Main.storyboard;
			sourceTree = "<group>";
		};
/* End PBXVariantGroup section */

/* Begin XCBuildConfiguration section */
		95441F2F1F25617E002AFA01 /* Debug */ = {
			isa = XCBuildConfiguration;
			buildSettings = {
				ALWAYS_SEARCH_USER_PATHS = NO;
				CLANG_ANALYZER_NONNULL = YES;
				CLANG_ANALYZER_NUMBER_OBJECT_CONVERSION = YES_AGGRESSIVE;
				CLANG_CXX_LANGUAGE_STANDARD = "gnu++0x";
				CLANG_CXX_LIBRARY = "libc++";
				CLANG_ENABLE_MODULES = YES;
				CLANG_ENABLE_OBJC_ARC = YES;
				CLANG_WARN_BOOL_CONVERSION = YES;
				CLANG_WARN_CONSTANT_CONVERSION = YES;
				CLANG_WARN_DIRECT_OBJC_ISA_USAGE = YES_ERROR;
				CLANG_WARN_DOCUMENTATION_COMMENTS = YES;
				CLANG_WARN_EMPTY_BODY = YES;
				CLANG_WARN_ENUM_CONVERSION = YES;
				CLANG_WARN_INFINITE_RECURSION = YES;
				CLANG_WARN_INT_CONVERSION = YES;
				CLANG_WARN_OBJC_ROOT_CLASS = YES_ERROR;
				CLANG_WARN_SUSPICIOUS_MOVE = YES;
				CLANG_WARN_UNREACHABLE_CODE = YES;
				CLANG_WARN__DUPLICATE_METHOD_MATCH = YES;
				CODE_SIGN_IDENTITY = "-";
				COPY_PHASE_STRIP = NO;
				DEBUG_INFORMATION_FORMAT = dwarf;
				ENABLE_STRICT_OBJC_MSGSEND = YES;
				ENABLE_TESTABILITY = YES;
				GCC_C_LANGUAGE_STANDARD = gnu99;
				GCC_DYNAMIC_NO_PIC = NO;
				GCC_NO_COMMON_BLOCKS = YES;
				GCC_OPTIMIZATION_LEVEL = 0;
				GCC_PREPROCESSOR_DEFINITIONS = (
					"DEBUG=1",
					"$(inherited)",
				);
				GCC_WARN_64_TO_32_BIT_CONVERSION = YES;
				GCC_WARN_ABOUT_RETURN_TYPE = YES_ERROR;
				GCC_WARN_UNDECLARED_SELECTOR = YES;
				GCC_WARN_UNINITIALIZED_AUTOS = YES_AGGRESSIVE;
				GCC_WARN_UNUSED_FUNCTION = YES;
				GCC_WARN_UNUSED_VARIABLE = YES;
				MACOSX_DEPLOYMENT_TARGET = 10.12;
				MTL_ENABLE_DEBUG_INFO = YES;
				ONLY_ACTIVE_ARCH = YES;
				SDKROOT = macosx;
				SWIFT_ACTIVE_COMPILATION_CONDITIONS = DEBUG;
				SWIFT_OPTIMIZATION_LEVEL = "-Onone";
			};
			name = Debug;
		};
		95441F301F25617E002AFA01 /* Release */ = {
			isa = XCBuildConfiguration;
			buildSettings = {
				ALWAYS_SEARCH_USER_PATHS = NO;
				CLANG_ANALYZER_NONNULL = YES;
				CLANG_ANALYZER_NUMBER_OBJECT_CONVERSION = YES_AGGRESSIVE;
				CLANG_CXX_LANGUAGE_STANDARD = "gnu++0x";
				CLANG_CXX_LIBRARY = "libc++";
				CLANG_ENABLE_MODULES = YES;
				CLANG_ENABLE_OBJC_ARC = YES;
				CLANG_WARN_BOOL_CONVERSION = YES;
				CLANG_WARN_CONSTANT_CONVERSION = YES;
				CLANG_WARN_DIRECT_OBJC_ISA_USAGE = YES_ERROR;
				CLANG_WARN_DOCUMENTATION_COMMENTS = YES;
				CLANG_WARN_EMPTY_BODY = YES;
				CLANG_WARN_ENUM_CONVERSION = YES;
				CLANG_WARN_INFINITE_RECURSION = YES;
				CLANG_WARN_INT_CONVERSION = YES;
				CLANG_WARN_OBJC_ROOT_CLASS = YES_ERROR;
				CLANG_WARN_SUSPICIOUS_MOVE = YES;
				CLANG_WARN_UNREACHABLE_CODE = YES;
				CLANG_WARN__DUPLICATE_METHOD_MATCH = YES;
				CODE_SIGN_IDENTITY = "-";
				COPY_PHASE_STRIP = NO;
				DEBUG_INFORMATION_FORMAT = "dwarf-with-dsym";
				ENABLE_NS_ASSERTIONS = NO;
				ENABLE_STRICT_OBJC_MSGSEND = YES;
				GCC_C_LANGUAGE_STANDARD = gnu99;
				GCC_NO_COMMON_BLOCKS = YES;
				GCC_WARN_64_TO_32_BIT_CONVERSION = YES;
				GCC_WARN_ABOUT_RETURN_TYPE = YES_ERROR;
				GCC_WARN_UNDECLARED_SELECTOR = YES;
				GCC_WARN_UNINITIALIZED_AUTOS = YES_AGGRESSIVE;
				GCC_WARN_UNUSED_FUNCTION = YES;
				GCC_WARN_UNUSED_VARIABLE = YES;
				MACOSX_DEPLOYMENT_TARGET = 10.12;
				MTL_ENABLE_DEBUG_INFO = NO;
				SDKROOT = macosx;
				SWIFT_OPTIMIZATION_LEVEL = "-Owholemodule";
			};
			name = Release;
		};
		95441F321F25617E002AFA01 /* Debug */ = {
			isa = XCBuildConfiguration;
			buildSettings = {
				ASSETCATALOG_COMPILER_APPICON_NAME = AppIcon;
				COMBINE_HIDPI_IMAGES = YES;
				INFOPLIST_FILE = apod/Info.plist;
				LD_RUNPATH_SEARCH_PATHS = "$(inherited) @executable_path/../Frameworks";
				PRODUCT_BUNDLE_IDENTIFIER = goatsweater.apod;
				PRODUCT_NAME = "$(TARGET_NAME)";
				SWIFT_VERSION = 3.0;
			};
			name = Debug;
		};
		95441F331F25617E002AFA01 /* Release */ = {
			isa = XCBuildConfiguration;
			buildSettings = {
				ASSETCATALOG_COMPILER_APPICON_NAME = AppIcon;
				COMBINE_HIDPI_IMAGES = YES;
				INFOPLIST_FILE = apod/Info.plist;
				LD_RUNPATH_SEARCH_PATHS = "$(inherited) @executable_path/../Frameworks";
				PRODUCT_BUNDLE_IDENTIFIER = goatsweater.apod;
				PRODUCT_NAME = "$(TARGET_NAME)";
				SWIFT_VERSION = 3.0;
			};
			name = Release;
		};
/* End XCBuildConfiguration section */

/* Begin XCConfigurationList section */
		95441F1D1F25617E002AFA01 /* Build configuration list for PBXProject "apod" */ = {
			isa = XCConfigurationList;
			buildConfigurations = (
				95441F2F1F25617E002AFA01 /* Debug */,
				95441F301F25617E002AFA01 /* Release */,
			);
			defaultConfigurationIsVisible = 0;
			defaultConfigurationName = Release;
		};
		95441F311F25617E002AFA01 /* Build configuration list for PBXNativeTarget "apod" */ = {
			isa = XCConfigurationList;
			buildConfigurations = (
				95441F321F25617E002AFA01 /* Debug */,
				95441F331F25617E002AFA01 /* Release */,
			);
			defaultConfigurationIsVisible = 0;
		};
/* End XCConfigurationList section */
	};
	rootObject = 95441F1A1F25617E002AFA01 /* Project object */;
}
